# This file is automatically @generated by Cargo.
# It is not intended for manual editing.
version = 4

[[package]]
name = "nano_arena"
version = "0.5.1"
source = "registry+https://github.com/rust-lang/crates.io-index"
checksum = "afd57e6d3c46e3fe633b1fdb05a57f236f747429705fc0ce816093c8f02087d9"

[[package]]
name = "nano_arena_vuln"
version = "0.1.0"
dependencies = [
 "nano_arena",
]
